// !$*UTF8*$!
{
	archiveVersion = 1;
	classes = {
	};
	objectVersion = 50;
	objects = {

/* Begin PBXBuildFile section */
		A2744A75256BB95D007EF40E /* AppDelegate.swift in Sources */ = {isa = PBXBuildFile; fileRef = A2744A74256BB95D007EF40E /* AppDelegate.swift */; };
		A2744A77256BB95D007EF40E /* SceneDelegate.swift in Sources */ = {isa = PBXBuildFile; fileRef = A2744A76256BB95D007EF40E /* SceneDelegate.swift */; };
		A2744A79256BB95D007EF40E /* ContentView.swift in Sources */ = {isa = PBXBuildFile; fileRef = A2744A78256BB95D007EF40E /* ContentView.swift */; };
		A2744A7B256BB95E007EF40E /* Assets.xcassets in Resources */ = {isa = PBXBuildFile; fileRef = A2744A7A256BB95E007EF40E /* Assets.xcassets */; };
		A2744A7E256BB95E007EF40E /* Preview Assets.xcassets in Resources */ = {isa = PBXBuildFile; fileRef = A2744A7D256BB95E007EF40E /* Preview Assets.xcassets */; };
		A2744A81256BB95E007EF40E /* LaunchScreen.storyboard in Resources */ = {isa = PBXBuildFile; fileRef = A2744A7F256BB95E007EF40E /* LaunchScreen.storyboard */; };
		A2999AD7256D2B3B001566E3 /* NavigationContentView.swift in Sources */ = {isa = PBXBuildFile; fileRef = A2999AD6256D2B3B001566E3 /* NavigationContentView.swift */; };
/* End PBXBuildFile section */

/* Begin PBXFileReference section */
		A2744A71256BB95D007EF40E /* swift-tutorial-SwiftUI.app */ = {isa = PBXFileReference; explicitFileType = wrapper.application; includeInIndex = 0; path = "swift-tutorial-SwiftUI.app"; sourceTree = BUILT_PRODUCTS_DIR; };
		A2744A74256BB95D007EF40E /* AppDelegate.swift */ = {isa = PBXFileReference; lastKnownFileType = sourcecode.swift; path = AppDelegate.swift; sourceTree = "<group>"; };
		A2744A76256BB95D007EF40E /* SceneDelegate.swift */ = {isa = PBXFileReference; lastKnownFileType = sourcecode.swift; path = SceneDelegate.swift; sourceTree = "<group>"; };
		A2744A78256BB95D007EF40E /* ContentView.swift */ = {isa = PBXFileReference; lastKnownFileType = sourcecode.swift; path = ContentView.swift; sourceTree = "<group>"; };
		A2744A7A256BB95E007EF40E /* Assets.xcassets */ = {isa = PBXFileReference; lastKnownFileType = folder.assetcatalog; path = Assets.xcassets; sourceTree = "<group>"; };
		A2744A7D256BB95E007EF40E /* Preview Assets.xcassets */ = {isa = PBXFileReference; lastKnownFileType = folder.assetcatalog; path = "Preview Assets.xcassets"; sourceTree = "<group>"; };
		A2744A80256BB95E007EF40E /* Base */ = {isa = PBXFileReference; lastKnownFileType = file.storyboard; name = Base; path = Base.lproj/LaunchScreen.storyboard; sourceTree = "<group>"; };
		A2744A82256BB95E007EF40E /* Info.plist */ = {isa = PBXFileReference; lastKnownFileType = text.plist.xml; path = Info.plist; sourceTree = "<group>"; };
		A2999AD6256D2B3B001566E3 /* NavigationContentView.swift */ = {isa = PBXFileReference; lastKnownFileType = sourcecode.swift; path = NavigationContentView.swift; sourceTree = "<group>"; };
/* End PBXFileReference section */

/* Begin PBXFrameworksBuildPhase section */
		A2744A6E256BB95D007EF40E /* Frameworks */ = {
			isa = PBXFrameworksBuildPhase;
			buildActionMask = 2147483647;
			files = (
			);
			runOnlyForDeploymentPostprocessing = 0;
		};
/* End PBXFrameworksBuildPhase section */

/* Begin PBXGroup section */
		A2744A68256BB95D007EF40E = {
			isa = PBXGroup;
			children = (
				A2744A73256BB95D007EF40E /* swift-tutorial-SwiftUI */,
				A2744A72256BB95D007EF40E /* Products */,
			);
			sourceTree = "<group>";
		};
		A2744A72256BB95D007EF40E /* Products */ = {
			isa = PBXGroup;
			children = (
				A2744A71256BB95D007EF40E /* swift-tutorial-SwiftUI.app */,
			);
			name = Products;
			sourceTree = "<group>";
		};
		A2744A73256BB95D007EF40E /* swift-tutorial-SwiftUI */ = {
			isa = PBXGroup;
			children = (
				A2744A74256BB95D007EF40E /* AppDelegate.swift */,
				A2744A76256BB95D007EF40E /* SceneDelegate.swift */,
				A2744A78256BB95D007EF40E /* ContentView.swift */,
				A2999AD6256D2B3B001566E3 /* NavigationContentView.swift */,
				A2744A7A256BB95E007EF40E /* Assets.xcassets */,
				A2744A7F256BB95E007EF40E /* LaunchScreen.storyboard */,
				A2744A82256BB95E007EF40E /* Info.plist */,
				A2744A7C256BB95E007EF40E /* Preview Content */,
			);
			path = "swift-tutorial-SwiftUI";
			sourceTree = "<group>";
		};
		A2744A7C256BB95E007EF40E /* Preview Content */ = {
			isa = PBXGroup;
			children = (
				A2744A7D256BB95E007EF40E /* Preview Assets.xcassets */,
			);
			path = "Preview Content";
			sourceTree = "<group>";
		};
/* End PBXGroup section */

/* Begin PBXNativeTarget section */
		A2744A70256BB95D007EF40E /* swift-tutorial-SwiftUI */ = {
			isa = PBXNativeTarget;
			buildConfigurationList = A2744A85256BB95E007EF40E /* Build configuration list for PBXNativeTarget "swift-tutorial-SwiftUI" */;
			buildPhases = (
				A2744A6D256BB95D007EF40E /* Sources */,
				A2744A6E256BB95D007EF40E /* Frameworks */,
				A2744A6F256BB95D007EF40E /* Resources */,
			);
			buildRules = (
			);
			dependencies = (
			);
			name = "swift-tutorial-SwiftUI";
			productName = "swift-tutorial-SwiftUI";
			productReference = A2744A71256BB95D007EF40E /* swift-tutorial-SwiftUI.app */;
			productType = "com.apple.product-type.application";
		};
/* End PBXNativeTarget section */

/* Begin PBXProject section */
		A2744A69256BB95D007EF40E /* Project object */ = {
			isa = PBXProject;
			attributes = {
				LastSwiftUpdateCheck = 1160;
				LastUpgradeCheck = 1160;
				ORGANIZATIONNAME = S.Emoto;
				TargetAttributes = {
					A2744A70256BB95D007EF40E = {
						CreatedOnToolsVersion = 11.6;
					};
				};
			};
			buildConfigurationList = A2744A6C256BB95D007EF40E /* Build configuration list for PBXProject "swift-tutorial-SwiftUI" */;
			compatibilityVersion = "Xcode 9.3";
			developmentRegion = en;
			hasScannedForEncodings = 0;
			knownRegions = (
				en,
				Base,
			);
			mainGroup = A2744A68256BB95D007EF40E;
			productRefGroup = A2744A72256BB95D007EF40E /* Products */;
			projectDirPath = "";
			projectRoot = "";
			targets = (
				A2744A70256BB95D007EF40E /* swift-tutorial-SwiftUI */,
			);
		};
/* End PBXProject section */

/* Begin PBXResourcesBuildPhase section */
		A2744A6F256BB95D007EF40E /* Resources */ = {
			isa = PBXResourcesBuildPhase;
			buildActionMask = 2147483647;
			files = (
				A2744A81256BB95E007EF40E /* LaunchScreen.storyboard in Resources */,
				A2744A7E256BB95E007EF40E /* Preview Assets.xcassets in Resources */,
				A2744A7B256BB95E007EF40E /* Assets.xcassets in Resources */,
			);
			runOnlyForDeploymentPostprocessing = 0;
		};
/* End PBXResourcesBuildPhase section */

/* Begin PBXSourcesBuildPhase section */
		A2744A6D256BB95D007EF40E /* Sources */ = {
			isa = PBXSourcesBuildPhase;
			buildActionMask = 2147483647;
			files = (
				A2999AD7256D2B3B001566E3 /* NavigationContentView.swift in Sources */,
				A2744A75256BB95D007EF40E /* AppDelegate.swift in Sources */,
				A2744A77256BB95D007EF40E /* SceneDelegate.swift in Sources */,
				A2744A79256BB95D007EF40E /* ContentView.swift in Sources */,
			);
			runOnlyForDeploymentPostprocessing = 0;
		};
/* End PBXSourcesBuildPhase section */

/* Begin PBXVariantGroup section */
		A2744A7F256BB95E007EF40E /* LaunchScreen.storyboard */ = {
			isa = PBXVariantGroup;
			children = (
				A2744A80256BB95E007EF40E /* Base */,
			);
			name = LaunchScreen.storyboard;
			sourceTree = "<group>";
		};
/* End PBXVariantGroup section */

/* Begin XCBuildConfiguration section */
		A2744A83256BB95E007EF40E /* Debug */ = {
			isa = XCBuildConfiguration;
			buildSettings = {
				ALWAYS_SEARCH_USER_PATHS = NO;
				CLANG_ANALYZER_NONNULL = YES;
				CLANG_ANALYZER_NUMBER_OBJECT_CONVERSION = YES_AGGRESSIVE;
				CLANG_CXX_LANGUAGE_STANDARD = "gnu++14";
				CLANG_CXX_LIBRARY = "libc++";
				CLANG_ENABLE_MODULES = YES;
				CLANG_ENABLE_OBJC_ARC = YES;
				CLANG_ENABLE_OBJC_WEAK = YES;
				CLANG_WARN_BLOCK_CAPTURE_AUTORELEASING = YES;
				CLANG_WARN_BOOL_CONVERSION = YES;
				CLANG_WARN_COMMA = YES;
				CLANG_WARN_CONSTANT_CONVERSION = YES;
				CLANG_WARN_DEPRECATED_OBJC_IMPLEMENTATIONS = YES;
				CLANG_WARN_DIRECT_OBJC_ISA_USAGE = YES_ERROR;
				CLANG_WARN_DOCUMENTATION_COMMENTS = YES;
				CLANG_WARN_EMPTY_BODY = YES;
				CLANG_WARN_ENUM_CONVERSION = YES;
				CLANG_WARN_INFINITE_RECURSION = YES;
				CLANG_WARN_INT_CONVERSION = YES;
				CLANG_WARN_NON_LITERAL_NULL_CONVERSION = YES;
				CLANG_WARN_OBJC_IMPLICIT_RETAIN_SELF = YES;
				CLANG_WARN_OBJC_LITERAL_CONVERSION = YES;
				CLANG_WARN_OBJC_ROOT_CLASS = YES_ERROR;
				CLANG_WARN_RANGE_LOOP_ANALYSIS = YES;
				CLANG_WARN_STRICT_PROTOTYPES = YES;
				CLANG_WARN_SUSPICIOUS_MOVE = YES;
				CLANG_WARN_UNGUARDED_AVAILABILITY = YES_AGGRESSIVE;
				CLANG_WARN_UNREACHABLE_CODE = YES;
				CLANG_WARN__DUPLICATE_METHOD_MATCH = YES;
				COPY_PHASE_STRIP = NO;
				DEBUG_INFORMATION_FORMAT = dwarf;
				ENABLE_STRICT_OBJC_MSGSEND = YES;
				ENABLE_TESTABILITY = YES;
				GCC_C_LANGUAGE_STANDARD = gnu11;
				GCC_DYNAMIC_NO_PIC = NO;
				GCC_NO_COMMON_BLOCKS = YES;
				GCC_OPTIMIZATION_LEVEL = 0;
				GCC_PREPROCESSOR_DEFINITIONS = (
					"DEBUG=1",
					"$(inherited)",
				);
				GCC_WARN_64_TO_32_BIT_CONVERSION = YES;
				GCC_WARN_ABOUT_RETURN_TYPE = YES_ERROR;
				GCC_WARN_UNDECLARED_SELECTOR = YES;
				GCC_WARN_UNINITIALIZED_AUTOS = YES_AGGRESSIVE;
				GCC_WARN_UNUSED_FUNCTION = YES;
				GCC_WARN_UNUSED_VARIABLE = YES;
				IPHONEOS_DEPLOYMENT_TARGET = 13.6;
				MTL_ENABLE_DEBUG_INFO = INCLUDE_SOURCE;
				MTL_FAST_MATH = YES;
				ONLY_ACTIVE_ARCH = YES;
				SDKROOT = iphoneos;
				SWIFT_ACTIVE_COMPILATION_CONDITIONS = DEBUG;
				SWIFT_OPTIMIZATION_LEVEL = "-Onone";
			};
			name = Debug;
		};
		A2744A84256BB95E007EF40E /* Release */ = {
			isa = XCBuildConfiguration;
			buildSettings = {
				ALWAYS_SEARCH_USER_PATHS = NO;
				CLANG_ANALYZER_NONNULL = YES;
				CLANG_ANALYZER_NUMBER_OBJECT_CONVERSION = YES_AGGRESSIVE;
				CLANG_CXX_LANGUAGE_STANDARD = "gnu++14";
				CLANG_CXX_LIBRARY = "libc++";
				CLANG_ENABLE_MODULES = YES;
				CLANG_ENABLE_OBJC_ARC = YES;
				CLANG_ENABLE_OBJC_WEAK = YES;
				CLANG_WARN_BLOCK_CAPTURE_AUTORELEASING = YES;
				CLANG_WARN_BOOL_CONVERSION = YES;
				CLANG_WARN_COMMA = YES;
				CLANG_WARN_CONSTANT_CONVERSION = YES;
				CLANG_WARN_DEPRECATED_OBJC_IMPLEMENTATIONS = YES;
				CLANG_WARN_DIRECT_OBJC_ISA_USAGE = YES_ERROR;
				CLANG_WARN_DOCUMENTATION_COMMENTS = YES;
				CLANG_WARN_EMPTY_BODY = YES;
				CLANG_WARN_ENUM_CONVERSION = YES;
				CLANG_WARN_INFINITE_RECURSION = YES;
				CLANG_WARN_INT_CONVERSION = YES;
				CLANG_WARN_NON_LITERAL_NULL_CONVERSION = YES;
				CLANG_WARN_OBJC_IMPLICIT_RETAIN_SELF = YES;
				CLANG_WARN_OBJC_LITERAL_CONVERSION = YES;
				CLANG_WARN_OBJC_ROOT_CLASS = YES_ERROR;
				CLANG_WARN_RANGE_LOOP_ANALYSIS = YES;
				CLANG_WARN_STRICT_PROTOTYPES = YES;
				CLANG_WARN_SUSPICIOUS_MOVE = YES;
				CLANG_WARN_UNGUARDED_AVAILABILITY = YES_AGGRESSIVE;
				CLANG_WARN_UNREACHABLE_CODE = YES;
				CLANG_WARN__DUPLICATE_METHOD_MATCH = YES;
				COPY_PHASE_STRIP = NO;
				DEBUG_INFORMATION_FORMAT = "dwarf-with-dsym";
				ENABLE_NS_ASSERTIONS = NO;
				ENABLE_STRICT_OBJC_MSGSEND = YES;
				GCC_C_LANGUAGE_STANDARD = gnu11;
				GCC_NO_COMMON_BLOCKS = YES;
				GCC_WARN_64_TO_32_BIT_CONVERSION = YES;
				GCC_WARN_ABOUT_RETURN_TYPE = YES_ERROR;
				GCC_WARN_UNDECLARED_SELECTOR = YES;
				GCC_WARN_UNINITIALIZED_AUTOS = YES_AGGRESSIVE;
				GCC_WARN_UNUSED_FUNCTION = YES;
				GCC_WARN_UNUSED_VARIABLE = YES;
				IPHONEOS_DEPLOYMENT_TARGET = 13.6;
				MTL_ENABLE_DEBUG_INFO = NO;
				MTL_FAST_MATH = YES;
				SDKROOT = iphoneos;
				SWIFT_COMPILATION_MODE = wholemodule;
				SWIFT_OPTIMIZATION_LEVEL = "-O";
				VALIDATE_PRODUCT = YES;
			};
			name = Release;
		};
		A2744A86256BB95E007EF40E /* Debug */ = {
			isa = XCBuildConfiguration;
			buildSettings = {
				ASSETCATALOG_COMPILER_APPICON_NAME = AppIcon;
				CODE_SIGN_STYLE = Automatic;
				DEVELOPMENT_ASSET_PATHS = "\"swift-tutorial-SwiftUI/Preview Content\"";
				DEVELOPMENT_TEAM = WCRE7XME38;
				ENABLE_PREVIEWS = YES;
				INFOPLIST_FILE = "swift-tutorial-SwiftUI/Info.plist";
				LD_RUNPATH_SEARCH_PATHS = (
					"$(inherited)",
					"@executable_path/Frameworks",
				);
				PRODUCT_BUNDLE_IDENTIFIER = "sEmoto.practice.swift-tutorial-SwiftUI";
				PRODUCT_NAME = "$(TARGET_NAME)";
				SWIFT_VERSION = 5.0;
				TARGETED_DEVICE_FAMILY = "1,2";
			};
			name = Debug;
		};
		A2744A87256BB95E007EF40E /* Release */ = {
			isa = XCBuildConfiguration;
			buildSettings = {
				ASSETCATALOG_COMPILER_APPICON_NAME = AppIcon;
				CODE_SIGN_STYLE = Automatic;
				DEVELOPMENT_ASSET_PATHS = "\"swift-tutorial-SwiftUI/Preview Content\"";
				DEVELOPMENT_TEAM = WCRE7XME38;
				ENABLE_PREVIEWS = YES;
				INFOPLIST_FILE = "swift-tutorial-SwiftUI/Info.plist";
				LD_RUNPATH_SEARCH_PATHS = (
					"$(inherited)",
					"@executable_path/Frameworks",
				);
				PRODUCT_BUNDLE_IDENTIFIER = "sEmoto.practice.swift-tutorial-SwiftUI";
				PRODUCT_NAME = "$(TARGET_NAME)";
				SWIFT_VERSION = 5.0;
				TARGETED_DEVICE_FAMILY = "1,2";
			};
			name = Release;
		};
/* End XCBuildConfiguration section */

/* Begin XCConfigurationList section */
		A2744A6C256BB95D007EF40E /* Build configuration list for PBXProject "swift-tutorial-SwiftUI" */ = {
			isa = XCConfigurationList;
			buildConfigurations = (
				A2744A83256BB95E007EF40E /* Debug */,
				A2744A84256BB95E007EF40E /* Release */,
			);
			defaultConfigurationIsVisible = 0;
			defaultConfigurationName = Release;
		};
		A2744A85256BB95E007EF40E /* Build configuration list for PBXNativeTarget "swift-tutorial-SwiftUI" */ = {
			isa = XCConfigurationList;
			buildConfigurations = (
				A2744A86256BB95E007EF40E /* Debug */,
				A2744A87256BB95E007EF40E /* Release */,
			);
			defaultConfigurationIsVisible = 0;
			defaultConfigurationName = Release;
		};
/* End XCConfigurationList section */
	};
	rootObject = A2744A69256BB95D007EF40E /* Project object */;
}
