// !$*UTF8*$!
{
	archiveVersion = 1;
	classes = {
	};
	objectVersion = 55;
	objects = {

/* Begin PBXBuildFile section */
		9A04D6CF2870208300EA0A63 /* Tests_iOS.swift in Sources */ = {isa = PBXBuildFile; fileRef = 9A04D6CE2870208300EA0A63 /* Tests_iOS.swift */; };
		9A04D6D12870208300EA0A63 /* Tests_iOSLaunchTests.swift in Sources */ = {isa = PBXBuildFile; fileRef = 9A04D6D02870208300EA0A63 /* Tests_iOSLaunchTests.swift */; };
		9A04D6DB2870208300EA0A63 /* Tests_macOS.swift in Sources */ = {isa = PBXBuildFile; fileRef = 9A04D6DA2870208300EA0A63 /* Tests_macOS.swift */; };
		9A04D6DD2870208300EA0A63 /* Tests_macOSLaunchTests.swift in Sources */ = {isa = PBXBuildFile; fileRef = 9A04D6DC2870208300EA0A63 /* Tests_macOSLaunchTests.swift */; };
		9A04D6DE2870208300EA0A63 /* srcApp.swift in Sources */ = {isa = PBXBuildFile; fileRef = 9A04D6B62870208100EA0A63 /* srcApp.swift */; };
		9A04D6DF2870208300EA0A63 /* srcApp.swift in Sources */ = {isa = PBXBuildFile; fileRef = 9A04D6B62870208100EA0A63 /* srcApp.swift */; };
		9A04D6E02870208300EA0A63 /* HomeScreen.swift in Sources */ = {isa = PBXBuildFile; fileRef = 9A04D6B72870208100EA0A63 /* HomeScreen.swift */; };
		9A04D6E12870208300EA0A63 /* HomeScreen.swift in Sources */ = {isa = PBXBuildFile; fileRef = 9A04D6B72870208100EA0A63 /* HomeScreen.swift */; };
		9A04D6E22870208300EA0A63 /* Assets.xcassets in Resources */ = {isa = PBXBuildFile; fileRef = 9A04D6B82870208300EA0A63 /* Assets.xcassets */; };
		9A04D6E32870208300EA0A63 /* Assets.xcassets in Resources */ = {isa = PBXBuildFile; fileRef = 9A04D6B82870208300EA0A63 /* Assets.xcassets */; };
		9A0D1DDA287ABAC8009745E3 /* ExpandCenterScrollScreen.swift in Sources */ = {isa = PBXBuildFile; fileRef = 9A0D1DD9287ABAC8009745E3 /* ExpandCenterScrollScreen.swift */; };
		9A1D00F12875C29000C80D19 /* FitnessRingCardView.swift in Sources */ = {isa = PBXBuildFile; fileRef = 9A1D00F02875C29000C80D19 /* FitnessRingCardView.swift */; };
		9A1FAE482A9E106F009FE837 /* WaveAnimationScreen.swift in Sources */ = {isa = PBXBuildFile; fileRef = 9A1FAE472A9E106F009FE837 /* WaveAnimationScreen.swift */; };
		9A2369BC28FBF6CB0036D8FF /* ChangeFrontBackScreen.swift in Sources */ = {isa = PBXBuildFile; fileRef = 9A2369BB28FBF6CB0036D8FF /* ChangeFrontBackScreen.swift */; };
		9A335B3229990540008B9F6B /* HolographicEffectScreen.swift in Sources */ = {isa = PBXBuildFile; fileRef = 9A335B3129990540008B9F6B /* HolographicEffectScreen.swift */; };
		9A335B3429990656008B9F6B /* MotionManager.swift in Sources */ = {isa = PBXBuildFile; fileRef = 9A335B3329990656008B9F6B /* MotionManager.swift */; };
		9A9B22312AA74E7200860DD2 /* RouletteScreen.swift in Sources */ = {isa = PBXBuildFile; fileRef = 9A9B22302AA74E7200860DD2 /* RouletteScreen.swift */; };
		9AA7CFAD2973F2DD00A041E0 /* ProgressBarScreen.swift in Sources */ = {isa = PBXBuildFile; fileRef = 9AA7CFAC2973F2DD00A041E0 /* ProgressBarScreen.swift */; };
		9AA7CFB02973FB8200A041E0 /* CircleProgressBar.swift in Sources */ = {isa = PBXBuildFile; fileRef = 9AA7CFAF2973FB8200A041E0 /* CircleProgressBar.swift */; };
		9AA7CFB2297401B500A041E0 /* LineProgressBar.swift in Sources */ = {isa = PBXBuildFile; fileRef = 9AA7CFB1297401B500A041E0 /* LineProgressBar.swift */; };
		9AD3996C2871A28900B672B5 /* RotationCarouselScreen.swift in Sources */ = {isa = PBXBuildFile; fileRef = 9AD3996B2871A28900B672B5 /* RotationCarouselScreen.swift */; };
		9AD3996F2871C3F500B672B5 /* View+Extension.swift in Sources */ = {isa = PBXBuildFile; fileRef = 9AD3996E2871C3F500B672B5 /* View+Extension.swift */; };
		9AECC0962963E56C004137B7 /* ThreeDimensionalRotationRingScreen.swift in Sources */ = {isa = PBXBuildFile; fileRef = 9AECC0952963E56C004137B7 /* ThreeDimensionalRotationRingScreen.swift */; };
		9AECC0992963FA5D004137B7 /* RotationRing.swift in Sources */ = {isa = PBXBuildFile; fileRef = 9AECC0982963FA5D004137B7 /* RotationRing.swift */; };
		9AF0DB47287471B600C7654F /* FitnessScreen.swift in Sources */ = {isa = PBXBuildFile; fileRef = 9AF0DB46287471B600C7654F /* FitnessScreen.swift */; };
		9AF0DB4A287478E900C7654F /* Ring.swift in Sources */ = {isa = PBXBuildFile; fileRef = 9AF0DB49287478E900C7654F /* Ring.swift */; };
/* End PBXBuildFile section */

/* Begin PBXContainerItemProxy section */
		9A04D6CB2870208300EA0A63 /* PBXContainerItemProxy */ = {
			isa = PBXContainerItemProxy;
			containerPortal = 9A04D6B12870208100EA0A63 /* Project object */;
			proxyType = 1;
			remoteGlobalIDString = 9A04D6BC2870208300EA0A63;
			remoteInfo = "src (iOS)";
		};
		9A04D6D72870208300EA0A63 /* PBXContainerItemProxy */ = {
			isa = PBXContainerItemProxy;
			containerPortal = 9A04D6B12870208100EA0A63 /* Project object */;
			proxyType = 1;
			remoteGlobalIDString = 9A04D6C22870208300EA0A63;
			remoteInfo = "src (macOS)";
		};
/* End PBXContainerItemProxy section */

/* Begin PBXFileReference section */
		9A04D6B62870208100EA0A63 /* srcApp.swift */ = {isa = PBXFileReference; lastKnownFileType = sourcecode.swift; path = srcApp.swift; sourceTree = "<group>"; };
		9A04D6B72870208100EA0A63 /* HomeScreen.swift */ = {isa = PBXFileReference; lastKnownFileType = sourcecode.swift; path = HomeScreen.swift; sourceTree = "<group>"; };
		9A04D6B82870208300EA0A63 /* Assets.xcassets */ = {isa = PBXFileReference; lastKnownFileType = folder.assetcatalog; path = Assets.xcassets; sourceTree = "<group>"; };
		9A04D6BD2870208300EA0A63 /* src.app */ = {isa = PBXFileReference; explicitFileType = wrapper.application; includeInIndex = 0; path = src.app; sourceTree = BUILT_PRODUCTS_DIR; };
		9A04D6C32870208300EA0A63 /* src.app */ = {isa = PBXFileReference; explicitFileType = wrapper.application; includeInIndex = 0; path = src.app; sourceTree = BUILT_PRODUCTS_DIR; };
		9A04D6C52870208300EA0A63 /* macOS.entitlements */ = {isa = PBXFileReference; lastKnownFileType = text.plist.entitlements; path = macOS.entitlements; sourceTree = "<group>"; };
		9A04D6CA2870208300EA0A63 /* Tests iOS.xctest */ = {isa = PBXFileReference; explicitFileType = wrapper.cfbundle; includeInIndex = 0; path = "Tests iOS.xctest"; sourceTree = BUILT_PRODUCTS_DIR; };
		9A04D6CE2870208300EA0A63 /* Tests_iOS.swift */ = {isa = PBXFileReference; lastKnownFileType = sourcecode.swift; path = Tests_iOS.swift; sourceTree = "<group>"; };
		9A04D6D02870208300EA0A63 /* Tests_iOSLaunchTests.swift */ = {isa = PBXFileReference; lastKnownFileType = sourcecode.swift; path = Tests_iOSLaunchTests.swift; sourceTree = "<group>"; };
		9A04D6D62870208300EA0A63 /* Tests macOS.xctest */ = {isa = PBXFileReference; explicitFileType = wrapper.cfbundle; includeInIndex = 0; path = "Tests macOS.xctest"; sourceTree = BUILT_PRODUCTS_DIR; };
		9A04D6DA2870208300EA0A63 /* Tests_macOS.swift */ = {isa = PBXFileReference; lastKnownFileType = sourcecode.swift; path = Tests_macOS.swift; sourceTree = "<group>"; };
		9A04D6DC2870208300EA0A63 /* Tests_macOSLaunchTests.swift */ = {isa = PBXFileReference; lastKnownFileType = sourcecode.swift; path = Tests_macOSLaunchTests.swift; sourceTree = "<group>"; };
		9A0D1DD9287ABAC8009745E3 /* ExpandCenterScrollScreen.swift */ = {isa = PBXFileReference; lastKnownFileType = sourcecode.swift; path = ExpandCenterScrollScreen.swift; sourceTree = "<group>"; };
		9A1D00F02875C29000C80D19 /* FitnessRingCardView.swift */ = {isa = PBXFileReference; lastKnownFileType = sourcecode.swift; path = FitnessRingCardView.swift; sourceTree = "<group>"; };
		9A1FAE472A9E106F009FE837 /* WaveAnimationScreen.swift */ = {isa = PBXFileReference; lastKnownFileType = sourcecode.swift; path = WaveAnimationScreen.swift; sourceTree = "<group>"; };
		9A2369BB28FBF6CB0036D8FF /* ChangeFrontBackScreen.swift */ = {isa = PBXFileReference; lastKnownFileType = sourcecode.swift; path = ChangeFrontBackScreen.swift; sourceTree = "<group>"; };
		9A335B3129990540008B9F6B /* HolographicEffectScreen.swift */ = {isa = PBXFileReference; lastKnownFileType = sourcecode.swift; path = HolographicEffectScreen.swift; sourceTree = "<group>"; };
		9A335B3329990656008B9F6B /* MotionManager.swift */ = {isa = PBXFileReference; lastKnownFileType = sourcecode.swift; path = MotionManager.swift; sourceTree = "<group>"; };
		9A9B22302AA74E7200860DD2 /* RouletteScreen.swift */ = {isa = PBXFileReference; lastKnownFileType = sourcecode.swift; path = RouletteScreen.swift; sourceTree = "<group>"; };
		9AA7CFAC2973F2DD00A041E0 /* ProgressBarScreen.swift */ = {isa = PBXFileReference; lastKnownFileType = sourcecode.swift; path = ProgressBarScreen.swift; sourceTree = "<group>"; };
		9AA7CFAF2973FB8200A041E0 /* CircleProgressBar.swift */ = {isa = PBXFileReference; lastKnownFileType = sourcecode.swift; path = CircleProgressBar.swift; sourceTree = "<group>"; };
		9AA7CFB1297401B500A041E0 /* LineProgressBar.swift */ = {isa = PBXFileReference; lastKnownFileType = sourcecode.swift; path = LineProgressBar.swift; sourceTree = "<group>"; };
		9AD3996B2871A28900B672B5 /* RotationCarouselScreen.swift */ = {isa = PBXFileReference; lastKnownFileType = sourcecode.swift; path = RotationCarouselScreen.swift; sourceTree = "<group>"; };
		9AD3996E2871C3F500B672B5 /* View+Extension.swift */ = {isa = PBXFileReference; lastKnownFileType = sourcecode.swift; path = "View+Extension.swift"; sourceTree = "<group>"; };
		9AECC0952963E56C004137B7 /* ThreeDimensionalRotationRingScreen.swift */ = {isa = PBXFileReference; lastKnownFileType = sourcecode.swift; path = ThreeDimensionalRotationRingScreen.swift; sourceTree = "<group>"; };
		9AECC0982963FA5D004137B7 /* RotationRing.swift */ = {isa = PBXFileReference; lastKnownFileType = sourcecode.swift; path = RotationRing.swift; sourceTree = "<group>"; };
		9AF0DB46287471B600C7654F /* FitnessScreen.swift */ = {isa = PBXFileReference; lastKnownFileType = sourcecode.swift; path = FitnessScreen.swift; sourceTree = "<group>"; };
		9AF0DB49287478E900C7654F /* Ring.swift */ = {isa = PBXFileReference; lastKnownFileType = sourcecode.swift; path = Ring.swift; sourceTree = "<group>"; };
/* End PBXFileReference section */

/* Begin PBXFrameworksBuildPhase section */
		9A04D6BA2870208300EA0A63 /* Frameworks */ = {
			isa = PBXFrameworksBuildPhase;
			buildActionMask = 2147483647;
			files = (
			);
			runOnlyForDeploymentPostprocessing = 0;
		};
		9A04D6C02870208300EA0A63 /* Frameworks */ = {
			isa = PBXFrameworksBuildPhase;
			buildActionMask = 2147483647;
			files = (
			);
			runOnlyForDeploymentPostprocessing = 0;
		};
		9A04D6C72870208300EA0A63 /* Frameworks */ = {
			isa = PBXFrameworksBuildPhase;
			buildActionMask = 2147483647;
			files = (
			);
			runOnlyForDeploymentPostprocessing = 0;
		};
		9A04D6D32870208300EA0A63 /* Frameworks */ = {
			isa = PBXFrameworksBuildPhase;
			buildActionMask = 2147483647;
			files = (
			);
			runOnlyForDeploymentPostprocessing = 0;
		};
/* End PBXFrameworksBuildPhase section */

/* Begin PBXGroup section */
		9A04D6B02870208100EA0A63 = {
			isa = PBXGroup;
			children = (
				9A04D6B52870208100EA0A63 /* Shared */,
				9A04D6C42870208300EA0A63 /* macOS */,
				9A04D6CD2870208300EA0A63 /* Tests iOS */,
				9A04D6D92870208300EA0A63 /* Tests macOS */,
				9A04D6BE2870208300EA0A63 /* Products */,
			);
			sourceTree = "<group>";
		};
		9A04D6B52870208100EA0A63 /* Shared */ = {
			isa = PBXGroup;
			children = (
				9A335B2F299904FE008B9F6B /* Animation */,
				9AA7CFAA2973F26300A041E0 /* Caralog */,
				9A04D6B62870208100EA0A63 /* srcApp.swift */,
				9A04D6B72870208100EA0A63 /* HomeScreen.swift */,
				9AD3996D2871C3CC00B672B5 /* Extension */,
				9A04D6B82870208300EA0A63 /* Assets.xcassets */,
			);
			path = Shared;
			sourceTree = "<group>";
		};
		9A04D6BE2870208300EA0A63 /* Products */ = {
			isa = PBXGroup;
			children = (
				9A04D6BD2870208300EA0A63 /* src.app */,
				9A04D6C32870208300EA0A63 /* src.app */,
				9A04D6CA2870208300EA0A63 /* Tests iOS.xctest */,
				9A04D6D62870208300EA0A63 /* Tests macOS.xctest */,
			);
			name = Products;
			sourceTree = "<group>";
		};
		9A04D6C42870208300EA0A63 /* macOS */ = {
			isa = PBXGroup;
			children = (
				9A04D6C52870208300EA0A63 /* macOS.entitlements */,
			);
			path = macOS;
			sourceTree = "<group>";
		};
		9A04D6CD2870208300EA0A63 /* Tests iOS */ = {
			isa = PBXGroup;
			children = (
				9A04D6CE2870208300EA0A63 /* Tests_iOS.swift */,
				9A04D6D02870208300EA0A63 /* Tests_iOSLaunchTests.swift */,
			);
			path = "Tests iOS";
			sourceTree = "<group>";
		};
		9A04D6D92870208300EA0A63 /* Tests macOS */ = {
			isa = PBXGroup;
			children = (
				9A04D6DA2870208300EA0A63 /* Tests_macOS.swift */,
				9A04D6DC2870208300EA0A63 /* Tests_macOSLaunchTests.swift */,
			);
			path = "Tests macOS";
			sourceTree = "<group>";
		};
		9A0D1DD8287ABA76009745E3 /* ExpandCenterScroll */ = {
			isa = PBXGroup;
			children = (
				9A0D1DD9287ABAC8009745E3 /* ExpandCenterScrollScreen.swift */,
			);
			path = ExpandCenterScroll;
			sourceTree = "<group>";
		};
		9A1FAE462A9E104E009FE837 /* WaveAnimation */ = {
			isa = PBXGroup;
			children = (
				9A1FAE472A9E106F009FE837 /* WaveAnimationScreen.swift */,
			);
			path = WaveAnimation;
			sourceTree = "<group>";
		};
		9A2369BA28FBF6940036D8FF /* ChangeFrontBack */ = {
			isa = PBXGroup;
			children = (
				9A2369BB28FBF6CB0036D8FF /* ChangeFrontBackScreen.swift */,
			);
			path = ChangeFrontBack;
			sourceTree = "<group>";
		};
		9A335B2F299904FE008B9F6B /* Animation */ = {
			isa = PBXGroup;
			children = (
				9A9B222F2AA74E4800860DD2 /* Roulette */,
				9A1FAE462A9E104E009FE837 /* WaveAnimation */,
				9A335B302999052D008B9F6B /* HolographicEffect */,
				9AD3996A28719E8D00B672B5 /* Rotation */,
				9AF0DB452874719800C7654F /* Fitness */,
				9A0D1DD8287ABA76009745E3 /* ExpandCenterScroll */,
				9A2369BA28FBF6940036D8FF /* ChangeFrontBack */,
				9AECC0942963E51D004137B7 /* 3DRotation */,
			);
			path = Animation;
			sourceTree = "<group>";
		};
		9A335B302999052D008B9F6B /* HolographicEffect */ = {
			isa = PBXGroup;
			children = (
				9A335B3129990540008B9F6B /* HolographicEffectScreen.swift */,
				9A335B3329990656008B9F6B /* MotionManager.swift */,
			);
			path = HolographicEffect;
			sourceTree = "<group>";
		};
		9A9B222F2AA74E4800860DD2 /* Roulette */ = {
			isa = PBXGroup;
			children = (
				9A9B22302AA74E7200860DD2 /* RouletteScreen.swift */,
			);
			path = Roulette;
			sourceTree = "<group>";
		};
		9AA7CFAA2973F26300A041E0 /* Caralog */ = {
			isa = PBXGroup;
			children = (
				9AA7CFAB2973F28B00A041E0 /* ProgressBar */,
			);
			path = Caralog;
			sourceTree = "<group>";
		};
		9AA7CFAB2973F28B00A041E0 /* ProgressBar */ = {
			isa = PBXGroup;
			children = (
				9AA7CFAE2973FB5C00A041E0 /* View */,
				9AA7CFAC2973F2DD00A041E0 /* ProgressBarScreen.swift */,
			);
			path = ProgressBar;
			sourceTree = "<group>";
		};
		9AA7CFAE2973FB5C00A041E0 /* View */ = {
			isa = PBXGroup;
			children = (
				9AA7CFAF2973FB8200A041E0 /* CircleProgressBar.swift */,
				9AA7CFB1297401B500A041E0 /* LineProgressBar.swift */,
			);
			path = View;
			sourceTree = "<group>";
		};
		9AD3996A28719E8D00B672B5 /* Rotation */ = {
			isa = PBXGroup;
			children = (
				9AD3996B2871A28900B672B5 /* RotationCarouselScreen.swift */,
			);
			path = Rotation;
			sourceTree = "<group>";
		};
		9AD3996D2871C3CC00B672B5 /* Extension */ = {
			isa = PBXGroup;
			children = (
				9AD3996E2871C3F500B672B5 /* View+Extension.swift */,
			);
			path = Extension;
			sourceTree = "<group>";
		};
		9AECC0942963E51D004137B7 /* 3DRotation */ = {
			isa = PBXGroup;
			children = (
				9AECC0952963E56C004137B7 /* ThreeDimensionalRotationRingScreen.swift */,
				9AECC0972963FA2F004137B7 /* View */,
			);
			path = 3DRotation;
			sourceTree = "<group>";
		};
		9AECC0972963FA2F004137B7 /* View */ = {
			isa = PBXGroup;
			children = (
				9AECC0982963FA5D004137B7 /* RotationRing.swift */,
			);
			path = View;
			sourceTree = "<group>";
		};
		9AF0DB452874719800C7654F /* Fitness */ = {
			isa = PBXGroup;
			children = (
				9AF0DB48287478CA00C7654F /* Model */,
				9AF0DB46287471B600C7654F /* FitnessScreen.swift */,
				9A1D00F02875C29000C80D19 /* FitnessRingCardView.swift */,
			);
			path = Fitness;
			sourceTree = "<group>";
		};
		9AF0DB48287478CA00C7654F /* Model */ = {
			isa = PBXGroup;
			children = (
				9AF0DB49287478E900C7654F /* Ring.swift */,
			);
			path = Model;
			sourceTree = "<group>";
		};
/* End PBXGroup section */

/* Begin PBXNativeTarget section */
		9A04D6BC2870208300EA0A63 /* src (iOS) */ = {
			isa = PBXNativeTarget;
			buildConfigurationList = 9A04D6E62870208300EA0A63 /* Build configuration list for PBXNativeTarget "src (iOS)" */;
			buildPhases = (
				9A04D6B92870208300EA0A63 /* Sources */,
				9A04D6BA2870208300EA0A63 /* Frameworks */,
				9A04D6BB2870208300EA0A63 /* Resources */,
			);
			buildRules = (
			);
			dependencies = (
			);
			name = "src (iOS)";
			productName = "src (iOS)";
			productReference = 9A04D6BD2870208300EA0A63 /* src.app */;
			productType = "com.apple.product-type.application";
		};
		9A04D6C22870208300EA0A63 /* src (macOS) */ = {
			isa = PBXNativeTarget;
			buildConfigurationList = 9A04D6E92870208300EA0A63 /* Build configuration list for PBXNativeTarget "src (macOS)" */;
			buildPhases = (
				9A04D6BF2870208300EA0A63 /* Sources */,
				9A04D6C02870208300EA0A63 /* Frameworks */,
				9A04D6C12870208300EA0A63 /* Resources */,
			);
			buildRules = (
			);
			dependencies = (
			);
			name = "src (macOS)";
			productName = "src (macOS)";
			productReference = 9A04D6C32870208300EA0A63 /* src.app */;
			productType = "com.apple.product-type.application";
		};
		9A04D6C92870208300EA0A63 /* Tests iOS */ = {
			isa = PBXNativeTarget;
			buildConfigurationList = 9A04D6EC2870208300EA0A63 /* Build configuration list for PBXNativeTarget "Tests iOS" */;
			buildPhases = (
				9A04D6C62870208300EA0A63 /* Sources */,
				9A04D6C72870208300EA0A63 /* Frameworks */,
				9A04D6C82870208300EA0A63 /* Resources */,
			);
			buildRules = (
			);
			dependencies = (
				9A04D6CC2870208300EA0A63 /* PBXTargetDependency */,
			);
			name = "Tests iOS";
			productName = "Tests iOS";
			productReference = 9A04D6CA2870208300EA0A63 /* Tests iOS.xctest */;
			productType = "com.apple.product-type.bundle.ui-testing";
		};
		9A04D6D52870208300EA0A63 /* Tests macOS */ = {
			isa = PBXNativeTarget;
			buildConfigurationList = 9A04D6EF2870208300EA0A63 /* Build configuration list for PBXNativeTarget "Tests macOS" */;
			buildPhases = (
				9A04D6D22870208300EA0A63 /* Sources */,
				9A04D6D32870208300EA0A63 /* Frameworks */,
				9A04D6D42870208300EA0A63 /* Resources */,
			);
			buildRules = (
			);
			dependencies = (
				9A04D6D82870208300EA0A63 /* PBXTargetDependency */,
			);
			name = "Tests macOS";
			productName = "Tests macOS";
			productReference = 9A04D6D62870208300EA0A63 /* Tests macOS.xctest */;
			productType = "com.apple.product-type.bundle.ui-testing";
		};
/* End PBXNativeTarget section */

/* Begin PBXProject section */
		9A04D6B12870208100EA0A63 /* Project object */ = {
			isa = PBXProject;
			attributes = {
				BuildIndependentTargetsInParallel = 1;
				LastSwiftUpdateCheck = 1340;
				LastUpgradeCheck = 1340;
				TargetAttributes = {
					9A04D6BC2870208300EA0A63 = {
						CreatedOnToolsVersion = 13.4.1;
					};
					9A04D6C22870208300EA0A63 = {
						CreatedOnToolsVersion = 13.4.1;
					};
					9A04D6C92870208300EA0A63 = {
						CreatedOnToolsVersion = 13.4.1;
						TestTargetID = 9A04D6BC2870208300EA0A63;
					};
					9A04D6D52870208300EA0A63 = {
						CreatedOnToolsVersion = 13.4.1;
						TestTargetID = 9A04D6C22870208300EA0A63;
					};
				};
			};
			buildConfigurationList = 9A04D6B42870208100EA0A63 /* Build configuration list for PBXProject "src" */;
			compatibilityVersion = "Xcode 13.0";
			developmentRegion = en;
			hasScannedForEncodings = 0;
			knownRegions = (
				en,
				Base,
			);
			mainGroup = 9A04D6B02870208100EA0A63;
			productRefGroup = 9A04D6BE2870208300EA0A63 /* Products */;
			projectDirPath = "";
			projectRoot = "";
			targets = (
				9A04D6BC2870208300EA0A63 /* src (iOS) */,
				9A04D6C22870208300EA0A63 /* src (macOS) */,
				9A04D6C92870208300EA0A63 /* Tests iOS */,
				9A04D6D52870208300EA0A63 /* Tests macOS */,
			);
		};
/* End PBXProject section */

/* Begin PBXResourcesBuildPhase section */
		9A04D6BB2870208300EA0A63 /* Resources */ = {
			isa = PBXResourcesBuildPhase;
			buildActionMask = 2147483647;
			files = (
				9A04D6E22870208300EA0A63 /* Assets.xcassets in Resources */,
			);
			runOnlyForDeploymentPostprocessing = 0;
		};
		9A04D6C12870208300EA0A63 /* Resources */ = {
			isa = PBXResourcesBuildPhase;
			buildActionMask = 2147483647;
			files = (
				9A04D6E32870208300EA0A63 /* Assets.xcassets in Resources */,
			);
			runOnlyForDeploymentPostprocessing = 0;
		};
		9A04D6C82870208300EA0A63 /* Resources */ = {
			isa = PBXResourcesBuildPhase;
			buildActionMask = 2147483647;
			files = (
			);
			runOnlyForDeploymentPostprocessing = 0;
		};
		9A04D6D42870208300EA0A63 /* Resources */ = {
			isa = PBXResourcesBuildPhase;
			buildActionMask = 2147483647;
			files = (
			);
			runOnlyForDeploymentPostprocessing = 0;
		};
/* End PBXResourcesBuildPhase section */

/* Begin PBXSourcesBuildPhase section */
		9A04D6B92870208300EA0A63 /* Sources */ = {
			isa = PBXSourcesBuildPhase;
			buildActionMask = 2147483647;
			files = (
				9AA7CFAD2973F2DD00A041E0 /* ProgressBarScreen.swift in Sources */,
				9AECC0962963E56C004137B7 /* ThreeDimensionalRotationRingScreen.swift in Sources */,
				9A04D6E02870208300EA0A63 /* HomeScreen.swift in Sources */,
				9A9B22312AA74E7200860DD2 /* RouletteScreen.swift in Sources */,
				9A0D1DDA287ABAC8009745E3 /* ExpandCenterScrollScreen.swift in Sources */,
				9A335B3229990540008B9F6B /* HolographicEffectScreen.swift in Sources */,
				9A1FAE482A9E106F009FE837 /* WaveAnimationScreen.swift in Sources */,
				9A1D00F12875C29000C80D19 /* FitnessRingCardView.swift in Sources */,
				9AF0DB4A287478E900C7654F /* Ring.swift in Sources */,
				9A04D6DE2870208300EA0A63 /* srcApp.swift in Sources */,
				9AD3996F2871C3F500B672B5 /* View+Extension.swift in Sources */,
				9AA7CFB2297401B500A041E0 /* LineProgressBar.swift in Sources */,
				9A2369BC28FBF6CB0036D8FF /* ChangeFrontBackScreen.swift in Sources */,
				9AD3996C2871A28900B672B5 /* RotationCarouselScreen.swift in Sources */,
				9AF0DB47287471B600C7654F /* FitnessScreen.swift in Sources */,
				9AECC0992963FA5D004137B7 /* RotationRing.swift in Sources */,
				9AA7CFB02973FB8200A041E0 /* CircleProgressBar.swift in Sources */,
				9A335B3429990656008B9F6B /* MotionManager.swift in Sources */,
			);
			runOnlyForDeploymentPostprocessing = 0;
		};
		9A04D6BF2870208300EA0A63 /* Sources */ = {
			isa = PBXSourcesBuildPhase;
			buildActionMask = 2147483647;
			files = (
				9A04D6E12870208300EA0A63 /* HomeScreen.swift in Sources */,
				9A04D6DF2870208300EA0A63 /* srcApp.swift in Sources */,
			);
			runOnlyForDeploymentPostprocessing = 0;
		};
		9A04D6C62870208300EA0A63 /* Sources */ = {
			isa = PBXSourcesBuildPhase;
			buildActionMask = 2147483647;
			files = (
				9A04D6D12870208300EA0A63 /* Tests_iOSLaunchTests.swift in Sources */,
				9A04D6CF2870208300EA0A63 /* Tests_iOS.swift in Sources */,
			);
			runOnlyForDeploymentPostprocessing = 0;
		};
		9A04D6D22870208300EA0A63 /* Sources */ = {
			isa = PBXSourcesBuildPhase;
			buildActionMask = 2147483647;
			files = (
				9A04D6DD2870208300EA0A63 /* Tests_macOSLaunchTests.swift in Sources */,
				9A04D6DB2870208300EA0A63 /* Tests_macOS.swift in Sources */,
			);
			runOnlyForDeploymentPostprocessing = 0;
		};
/* End PBXSourcesBuildPhase section */

/* Begin PBXTargetDependency section */
		9A04D6CC2870208300EA0A63 /* PBXTargetDependency */ = {
			isa = PBXTargetDependency;
			target = 9A04D6BC2870208300EA0A63 /* src (iOS) */;
			targetProxy = 9A04D6CB2870208300EA0A63 /* PBXContainerItemProxy */;
		};
		9A04D6D82870208300EA0A63 /* PBXTargetDependency */ = {
			isa = PBXTargetDependency;
			target = 9A04D6C22870208300EA0A63 /* src (macOS) */;
			targetProxy = 9A04D6D72870208300EA0A63 /* PBXContainerItemProxy */;
		};
/* End PBXTargetDependency section */

/* Begin XCBuildConfiguration section */
		9A04D6E42870208300EA0A63 /* Debug */ = {
			isa = XCBuildConfiguration;
			buildSettings = {
				ALWAYS_SEARCH_USER_PATHS = NO;
				CLANG_ANALYZER_NONNULL = YES;
				CLANG_ANALYZER_NUMBER_OBJECT_CONVERSION = YES_AGGRESSIVE;
				CLANG_CXX_LANGUAGE_STANDARD = "gnu++17";
				CLANG_ENABLE_MODULES = YES;
				CLANG_ENABLE_OBJC_ARC = YES;
				CLANG_ENABLE_OBJC_WEAK = YES;
				CLANG_WARN_BLOCK_CAPTURE_AUTORELEASING = YES;
				CLANG_WARN_BOOL_CONVERSION = YES;
				CLANG_WARN_COMMA = YES;
				CLANG_WARN_CONSTANT_CONVERSION = YES;
				CLANG_WARN_DEPRECATED_OBJC_IMPLEMENTATIONS = YES;
				CLANG_WARN_DIRECT_OBJC_ISA_USAGE = YES_ERROR;
				CLANG_WARN_DOCUMENTATION_COMMENTS = YES;
				CLANG_WARN_EMPTY_BODY = YES;
				CLANG_WARN_ENUM_CONVERSION = YES;
				CLANG_WARN_INFINITE_RECURSION = YES;
				CLANG_WARN_INT_CONVERSION = YES;
				CLANG_WARN_NON_LITERAL_NULL_CONVERSION = YES;
				CLANG_WARN_OBJC_IMPLICIT_RETAIN_SELF = YES;
				CLANG_WARN_OBJC_LITERAL_CONVERSION = YES;
				CLANG_WARN_OBJC_ROOT_CLASS = YES_ERROR;
				CLANG_WARN_QUOTED_INCLUDE_IN_FRAMEWORK_HEADER = YES;
				CLANG_WARN_RANGE_LOOP_ANALYSIS = YES;
				CLANG_WARN_STRICT_PROTOTYPES = YES;
				CLANG_WARN_SUSPICIOUS_MOVE = YES;
				CLANG_WARN_UNGUARDED_AVAILABILITY = YES_AGGRESSIVE;
				CLANG_WARN_UNREACHABLE_CODE = YES;
				CLANG_WARN__DUPLICATE_METHOD_MATCH = YES;
				COPY_PHASE_STRIP = NO;
				DEBUG_INFORMATION_FORMAT = dwarf;
				ENABLE_STRICT_OBJC_MSGSEND = YES;
				ENABLE_TESTABILITY = YES;
				GCC_C_LANGUAGE_STANDARD = gnu11;
				GCC_DYNAMIC_NO_PIC = NO;
				GCC_NO_COMMON_BLOCKS = YES;
				GCC_OPTIMIZATION_LEVEL = 0;
				GCC_PREPROCESSOR_DEFINITIONS = (
					"DEBUG=1",
					"$(inherited)",
				);
				GCC_WARN_64_TO_32_BIT_CONVERSION = YES;
				GCC_WARN_ABOUT_RETURN_TYPE = YES_ERROR;
				GCC_WARN_UNDECLARED_SELECTOR = YES;
				GCC_WARN_UNINITIALIZED_AUTOS = YES_AGGRESSIVE;
				GCC_WARN_UNUSED_FUNCTION = YES;
				GCC_WARN_UNUSED_VARIABLE = YES;
				IPHONEOS_DEPLOYMENT_TARGET = 15.2;
				MTL_ENABLE_DEBUG_INFO = INCLUDE_SOURCE;
				MTL_FAST_MATH = YES;
				ONLY_ACTIVE_ARCH = YES;
				SWIFT_ACTIVE_COMPILATION_CONDITIONS = DEBUG;
				SWIFT_OPTIMIZATION_LEVEL = "-Onone";
			};
			name = Debug;
		};
		9A04D6E52870208300EA0A63 /* Release */ = {
			isa = XCBuildConfiguration;
			buildSettings = {
				ALWAYS_SEARCH_USER_PATHS = NO;
				CLANG_ANALYZER_NONNULL = YES;
				CLANG_ANALYZER_NUMBER_OBJECT_CONVERSION = YES_AGGRESSIVE;
				CLANG_CXX_LANGUAGE_STANDARD = "gnu++17";
				CLANG_ENABLE_MODULES = YES;
				CLANG_ENABLE_OBJC_ARC = YES;
				CLANG_ENABLE_OBJC_WEAK = YES;
				CLANG_WARN_BLOCK_CAPTURE_AUTORELEASING = YES;
				CLANG_WARN_BOOL_CONVERSION = YES;
				CLANG_WARN_COMMA = YES;
				CLANG_WARN_CONSTANT_CONVERSION = YES;
				CLANG_WARN_DEPRECATED_OBJC_IMPLEMENTATIONS = YES;
				CLANG_WARN_DIRECT_OBJC_ISA_USAGE = YES_ERROR;
				CLANG_WARN_DOCUMENTATION_COMMENTS = YES;
				CLANG_WARN_EMPTY_BODY = YES;
				CLANG_WARN_ENUM_CONVERSION = YES;
				CLANG_WARN_INFINITE_RECURSION = YES;
				CLANG_WARN_INT_CONVERSION = YES;
				CLANG_WARN_NON_LITERAL_NULL_CONVERSION = YES;
				CLANG_WARN_OBJC_IMPLICIT_RETAIN_SELF = YES;
				CLANG_WARN_OBJC_LITERAL_CONVERSION = YES;
				CLANG_WARN_OBJC_ROOT_CLASS = YES_ERROR;
				CLANG_WARN_QUOTED_INCLUDE_IN_FRAMEWORK_HEADER = YES;
				CLANG_WARN_RANGE_LOOP_ANALYSIS = YES;
				CLANG_WARN_STRICT_PROTOTYPES = YES;
				CLANG_WARN_SUSPICIOUS_MOVE = YES;
				CLANG_WARN_UNGUARDED_AVAILABILITY = YES_AGGRESSIVE;
				CLANG_WARN_UNREACHABLE_CODE = YES;
				CLANG_WARN__DUPLICATE_METHOD_MATCH = YES;
				COPY_PHASE_STRIP = NO;
				DEBUG_INFORMATION_FORMAT = "dwarf-with-dsym";
				ENABLE_NS_ASSERTIONS = NO;
				ENABLE_STRICT_OBJC_MSGSEND = YES;
				GCC_C_LANGUAGE_STANDARD = gnu11;
				GCC_NO_COMMON_BLOCKS = YES;
				GCC_WARN_64_TO_32_BIT_CONVERSION = YES;
				GCC_WARN_ABOUT_RETURN_TYPE = YES_ERROR;
				GCC_WARN_UNDECLARED_SELECTOR = YES;
				GCC_WARN_UNINITIALIZED_AUTOS = YES_AGGRESSIVE;
				GCC_WARN_UNUSED_FUNCTION = YES;
				GCC_WARN_UNUSED_VARIABLE = YES;
				IPHONEOS_DEPLOYMENT_TARGET = 15.2;
				MTL_ENABLE_DEBUG_INFO = NO;
				MTL_FAST_MATH = YES;
				SWIFT_COMPILATION_MODE = wholemodule;
				SWIFT_OPTIMIZATION_LEVEL = "-O";
			};
			name = Release;
		};
		9A04D6E72870208300EA0A63 /* Debug */ = {
			isa = XCBuildConfiguration;
			buildSettings = {
				ASSETCATALOG_COMPILER_APPICON_NAME = AppIcon;
				ASSETCATALOG_COMPILER_GLOBAL_ACCENT_COLOR_NAME = AccentColor;
				CODE_SIGN_STYLE = Automatic;
				CURRENT_PROJECT_VERSION = 1;
				DEVELOPMENT_TEAM = 9G3YY3Y77Z;
				ENABLE_PREVIEWS = YES;
				GENERATE_INFOPLIST_FILE = YES;
				INFOPLIST_KEY_UIApplicationSceneManifest_Generation = YES;
				INFOPLIST_KEY_UIApplicationSupportsIndirectInputEvents = YES;
				INFOPLIST_KEY_UILaunchScreen_Generation = YES;
				INFOPLIST_KEY_UISupportedInterfaceOrientations_iPad = "UIInterfaceOrientationPortrait UIInterfaceOrientationPortraitUpsideDown UIInterfaceOrientationLandscapeLeft UIInterfaceOrientationLandscapeRight";
				INFOPLIST_KEY_UISupportedInterfaceOrientations_iPhone = "UIInterfaceOrientationPortrait UIInterfaceOrientationLandscapeLeft UIInterfaceOrientationLandscapeRight";
				IPHONEOS_DEPLOYMENT_TARGET = 15.2;
				LD_RUNPATH_SEARCH_PATHS = (
					"$(inherited)",
					"@executable_path/Frameworks",
				);
				MARKETING_VERSION = 1.0;
				PRODUCT_BUNDLE_IDENTIFIER = jp.dd2d.src;
				PRODUCT_NAME = src;
				SDKROOT = iphoneos;
				SWIFT_EMIT_LOC_STRINGS = YES;
				SWIFT_VERSION = 5.0;
				TARGETED_DEVICE_FAMILY = "1,2";
			};
			name = Debug;
		};
		9A04D6E82870208300EA0A63 /* Release */ = {
			isa = XCBuildConfiguration;
			buildSettings = {
				ASSETCATALOG_COMPILER_APPICON_NAME = AppIcon;
				ASSETCATALOG_COMPILER_GLOBAL_ACCENT_COLOR_NAME = AccentColor;
				CODE_SIGN_STYLE = Automatic;
				CURRENT_PROJECT_VERSION = 1;
				DEVELOPMENT_TEAM = 9G3YY3Y77Z;
				ENABLE_PREVIEWS = YES;
				GENERATE_INFOPLIST_FILE = YES;
				INFOPLIST_KEY_UIApplicationSceneManifest_Generation = YES;
				INFOPLIST_KEY_UIApplicationSupportsIndirectInputEvents = YES;
				INFOPLIST_KEY_UILaunchScreen_Generation = YES;
				INFOPLIST_KEY_UISupportedInterfaceOrientations_iPad = "UIInterfaceOrientationPortrait UIInterfaceOrientationPortraitUpsideDown UIInterfaceOrientationLandscapeLeft UIInterfaceOrientationLandscapeRight";
				INFOPLIST_KEY_UISupportedInterfaceOrientations_iPhone = "UIInterfaceOrientationPortrait UIInterfaceOrientationLandscapeLeft UIInterfaceOrientationLandscapeRight";
				IPHONEOS_DEPLOYMENT_TARGET = 15.2;
				LD_RUNPATH_SEARCH_PATHS = (
					"$(inherited)",
					"@executable_path/Frameworks",
				);
				MARKETING_VERSION = 1.0;
				PRODUCT_BUNDLE_IDENTIFIER = jp.dd2d.src;
				PRODUCT_NAME = src;
				SDKROOT = iphoneos;
				SWIFT_EMIT_LOC_STRINGS = YES;
				SWIFT_VERSION = 5.0;
				TARGETED_DEVICE_FAMILY = "1,2";
				VALIDATE_PRODUCT = YES;
			};
			name = Release;
		};
		9A04D6EA2870208300EA0A63 /* Debug */ = {
			isa = XCBuildConfiguration;
			buildSettings = {
				ASSETCATALOG_COMPILER_APPICON_NAME = AppIcon;
				ASSETCATALOG_COMPILER_GLOBAL_ACCENT_COLOR_NAME = AccentColor;
				CODE_SIGN_ENTITLEMENTS = macOS/macOS.entitlements;
				CODE_SIGN_STYLE = Automatic;
				COMBINE_HIDPI_IMAGES = YES;
				CURRENT_PROJECT_VERSION = 1;
				DEVELOPMENT_TEAM = 9G3YY3Y77Z;
				ENABLE_HARDENED_RUNTIME = YES;
				ENABLE_PREVIEWS = YES;
				GENERATE_INFOPLIST_FILE = YES;
				INFOPLIST_KEY_NSHumanReadableCopyright = "";
				LD_RUNPATH_SEARCH_PATHS = (
					"$(inherited)",
					"@executable_path/../Frameworks",
				);
				MACOSX_DEPLOYMENT_TARGET = 12.3;
				MARKETING_VERSION = 1.0;
				PRODUCT_BUNDLE_IDENTIFIER = jp.dd2d.src;
				PRODUCT_NAME = src;
				SDKROOT = macosx;
				SWIFT_EMIT_LOC_STRINGS = YES;
				SWIFT_VERSION = 5.0;
			};
			name = Debug;
		};
		9A04D6EB2870208300EA0A63 /* Release */ = {
			isa = XCBuildConfiguration;
			buildSettings = {
				ASSETCATALOG_COMPILER_APPICON_NAME = AppIcon;
				ASSETCATALOG_COMPILER_GLOBAL_ACCENT_COLOR_NAME = AccentColor;
				CODE_SIGN_ENTITLEMENTS = macOS/macOS.entitlements;
				CODE_SIGN_STYLE = Automatic;
				COMBINE_HIDPI_IMAGES = YES;
				CURRENT_PROJECT_VERSION = 1;
				DEVELOPMENT_TEAM = 9G3YY3Y77Z;
				ENABLE_HARDENED_RUNTIME = YES;
				ENABLE_PREVIEWS = YES;
				GENERATE_INFOPLIST_FILE = YES;
				INFOPLIST_KEY_NSHumanReadableCopyright = "";
				LD_RUNPATH_SEARCH_PATHS = (
					"$(inherited)",
					"@executable_path/../Frameworks",
				);
				MACOSX_DEPLOYMENT_TARGET = 12.3;
				MARKETING_VERSION = 1.0;
				PRODUCT_BUNDLE_IDENTIFIER = jp.dd2d.src;
				PRODUCT_NAME = src;
				SDKROOT = macosx;
				SWIFT_EMIT_LOC_STRINGS = YES;
				SWIFT_VERSION = 5.0;
			};
			name = Release;
		};
		9A04D6ED2870208300EA0A63 /* Debug */ = {
			isa = XCBuildConfiguration;
			buildSettings = {
				ALWAYS_EMBED_SWIFT_STANDARD_LIBRARIES = YES;
				CODE_SIGN_STYLE = Automatic;
				CURRENT_PROJECT_VERSION = 1;
				DEVELOPMENT_TEAM = 9G3YY3Y77Z;
				GENERATE_INFOPLIST_FILE = YES;
				IPHONEOS_DEPLOYMENT_TARGET = 15.2;
				MARKETING_VERSION = 1.0;
				PRODUCT_BUNDLE_IDENTIFIER = "jp.dd2d.Tests-iOS";
				PRODUCT_NAME = "$(TARGET_NAME)";
				SDKROOT = iphoneos;
				SWIFT_EMIT_LOC_STRINGS = NO;
				SWIFT_VERSION = 5.0;
				TARGETED_DEVICE_FAMILY = "1,2";
				TEST_TARGET_NAME = "src (iOS)";
			};
			name = Debug;
		};
		9A04D6EE2870208300EA0A63 /* Release */ = {
			isa = XCBuildConfiguration;
			buildSettings = {
				ALWAYS_EMBED_SWIFT_STANDARD_LIBRARIES = YES;
				CODE_SIGN_STYLE = Automatic;
				CURRENT_PROJECT_VERSION = 1;
				DEVELOPMENT_TEAM = 9G3YY3Y77Z;
				GENERATE_INFOPLIST_FILE = YES;
				IPHONEOS_DEPLOYMENT_TARGET = 15.2;
				MARKETING_VERSION = 1.0;
				PRODUCT_BUNDLE_IDENTIFIER = "jp.dd2d.Tests-iOS";
				PRODUCT_NAME = "$(TARGET_NAME)";
				SDKROOT = iphoneos;
				SWIFT_EMIT_LOC_STRINGS = NO;
				SWIFT_VERSION = 5.0;
				TARGETED_DEVICE_FAMILY = "1,2";
				TEST_TARGET_NAME = "src (iOS)";
				VALIDATE_PRODUCT = YES;
			};
			name = Release;
		};
		9A04D6F02870208300EA0A63 /* Debug */ = {
			isa = XCBuildConfiguration;
			buildSettings = {
				ALWAYS_EMBED_SWIFT_STANDARD_LIBRARIES = YES;
				CODE_SIGN_STYLE = Automatic;
				CURRENT_PROJECT_VERSION = 1;
				DEVELOPMENT_TEAM = 9G3YY3Y77Z;
				GENERATE_INFOPLIST_FILE = YES;
				MACOSX_DEPLOYMENT_TARGET = 12.3;
				MARKETING_VERSION = 1.0;
				PRODUCT_BUNDLE_IDENTIFIER = "jp.dd2d.Tests-macOS";
				PRODUCT_NAME = "$(TARGET_NAME)";
				SDKROOT = macosx;
				SWIFT_EMIT_LOC_STRINGS = NO;
				SWIFT_VERSION = 5.0;
				TEST_TARGET_NAME = "src (macOS)";
			};
			name = Debug;
		};
		9A04D6F12870208300EA0A63 /* Release */ = {
			isa = XCBuildConfiguration;
			buildSettings = {
				ALWAYS_EMBED_SWIFT_STANDARD_LIBRARIES = YES;
				CODE_SIGN_STYLE = Automatic;
				CURRENT_PROJECT_VERSION = 1;
				DEVELOPMENT_TEAM = 9G3YY3Y77Z;
				GENERATE_INFOPLIST_FILE = YES;
				MACOSX_DEPLOYMENT_TARGET = 12.3;
				MARKETING_VERSION = 1.0;
				PRODUCT_BUNDLE_IDENTIFIER = "jp.dd2d.Tests-macOS";
				PRODUCT_NAME = "$(TARGET_NAME)";
				SDKROOT = macosx;
				SWIFT_EMIT_LOC_STRINGS = NO;
				SWIFT_VERSION = 5.0;
				TEST_TARGET_NAME = "src (macOS)";
			};
			name = Release;
		};
/* End XCBuildConfiguration section */

/* Begin XCConfigurationList section */
		9A04D6B42870208100EA0A63 /* Build configuration list for PBXProject "src" */ = {
			isa = XCConfigurationList;
			buildConfigurations = (
				9A04D6E42870208300EA0A63 /* Debug */,
				9A04D6E52870208300EA0A63 /* Release */,
			);
			defaultConfigurationIsVisible = 0;
			defaultConfigurationName = Release;
		};
		9A04D6E62870208300EA0A63 /* Build configuration list for PBXNativeTarget "src (iOS)" */ = {
			isa = XCConfigurationList;
			buildConfigurations = (
				9A04D6E72870208300EA0A63 /* Debug */,
				9A04D6E82870208300EA0A63 /* Release */,
			);
			defaultConfigurationIsVisible = 0;
			defaultConfigurationName = Release;
		};
		9A04D6E92870208300EA0A63 /* Build configuration list for PBXNativeTarget "src (macOS)" */ = {
			isa = XCConfigurationList;
			buildConfigurations = (
				9A04D6EA2870208300EA0A63 /* Debug */,
				9A04D6EB2870208300EA0A63 /* Release */,
			);
			defaultConfigurationIsVisible = 0;
			defaultConfigurationName = Release;
		};
		9A04D6EC2870208300EA0A63 /* Build configuration list for PBXNativeTarget "Tests iOS" */ = {
			isa = XCConfigurationList;
			buildConfigurations = (
				9A04D6ED2870208300EA0A63 /* Debug */,
				9A04D6EE2870208300EA0A63 /* Release */,
			);
			defaultConfigurationIsVisible = 0;
			defaultConfigurationName = Release;
		};
		9A04D6EF2870208300EA0A63 /* Build configuration list for PBXNativeTarget "Tests macOS" */ = {
			isa = XCConfigurationList;
			buildConfigurations = (
				9A04D6F02870208300EA0A63 /* Debug */,
				9A04D6F12870208300EA0A63 /* Release */,
			);
			defaultConfigurationIsVisible = 0;
			defaultConfigurationName = Release;
		};
/* End XCConfigurationList section */
	};
	rootObject = 9A04D6B12870208100EA0A63 /* Project object */;
}
